// !$*UTF8*$!
{
	archiveVersion = 1;
	classes = {
	};
	objectVersion = 56;
	objects = {

/* Begin PBXBuildFile section */
		1436575B2BA8519300BE3237 /* ViewController.swift in Sources */ = {isa = PBXBuildFile; fileRef = 1436575A2BA8519300BE3237 /* ViewController.swift */; };
		1498173B2BA587C4004C72F2 /* AppDelegate.swift in Sources */ = {isa = PBXBuildFile; fileRef = 1498173A2BA587C4004C72F2 /* AppDelegate.swift */; };
		1498173D2BA587C4004C72F2 /* SceneDelegate.swift in Sources */ = {isa = PBXBuildFile; fileRef = 1498173C2BA587C4004C72F2 /* SceneDelegate.swift */; };
		149817422BA587C4004C72F2 /* Main.storyboard in Resources */ = {isa = PBXBuildFile; fileRef = 149817402BA587C4004C72F2 /* Main.storyboard */; };
		149817442BA587C5004C72F2 /* Assets.xcassets in Resources */ = {isa = PBXBuildFile; fileRef = 149817432BA587C5004C72F2 /* Assets.xcassets */; };
		149817472BA587C5004C72F2 /* LaunchScreen.storyboard in Resources */ = {isa = PBXBuildFile; fileRef = 149817452BA587C5004C72F2 /* LaunchScreen.storyboard */; };
		149817522BA587C6004C72F2 /* _st_homework_KimHyeongiTests.swift in Sources */ = {isa = PBXBuildFile; fileRef = 149817512BA587C6004C72F2 /* _st_homework_KimHyeongiTests.swift */; };
		1498175C2BA587C6004C72F2 /* _st_homework_KimHyeongiUITests.swift in Sources */ = {isa = PBXBuildFile; fileRef = 1498175B2BA587C6004C72F2 /* _st_homework_KimHyeongiUITests.swift */; };
		1498175E2BA587C6004C72F2 /* _st_homework_KimHyeongiUITestsLaunchTests.swift in Sources */ = {isa = PBXBuildFile; fileRef = 1498175D2BA587C6004C72F2 /* _st_homework_KimHyeongiUITestsLaunchTests.swift */; };
/* End PBXBuildFile section */

/* Begin PBXContainerItemProxy section */
		1498174E2BA587C6004C72F2 /* PBXContainerItemProxy */ = {
			isa = PBXContainerItemProxy;
			containerPortal = 1498172F2BA587C4004C72F2 /* Project object */;
			proxyType = 1;
			remoteGlobalIDString = 149817362BA587C4004C72F2;
			remoteInfo = 1st_homework_KimHyeongi;
		};
		149817582BA587C6004C72F2 /* PBXContainerItemProxy */ = {
			isa = PBXContainerItemProxy;
			containerPortal = 1498172F2BA587C4004C72F2 /* Project object */;
			proxyType = 1;
			remoteGlobalIDString = 149817362BA587C4004C72F2;
			remoteInfo = 1st_homework_KimHyeongi;
		};
/* End PBXContainerItemProxy section */

/* Begin PBXFileReference section */
		1436575A2BA8519300BE3237 /* ViewController.swift */ = {isa = PBXFileReference; fileEncoding = 4; lastKnownFileType = sourcecode.swift; name = ViewController.swift; path = ../../../../../../.Trash/ViewController.swift; sourceTree = "<group>"; };
		149817372BA587C4004C72F2 /* 1st_homework_KimHyeongi.app */ = {isa = PBXFileReference; explicitFileType = wrapper.application; includeInIndex = 0; path = 1st_homework_KimHyeongi.app; sourceTree = BUILT_PRODUCTS_DIR; };
		1498173A2BA587C4004C72F2 /* AppDelegate.swift */ = {isa = PBXFileReference; lastKnownFileType = sourcecode.swift; path = AppDelegate.swift; sourceTree = "<group>"; };
		1498173C2BA587C4004C72F2 /* SceneDelegate.swift */ = {isa = PBXFileReference; lastKnownFileType = sourcecode.swift; path = SceneDelegate.swift; sourceTree = "<group>"; };
		149817412BA587C4004C72F2 /* Base */ = {isa = PBXFileReference; lastKnownFileType = file.storyboard; name = Base; path = Base.lproj/Main.storyboard; sourceTree = "<group>"; };
		149817432BA587C5004C72F2 /* Assets.xcassets */ = {isa = PBXFileReference; lastKnownFileType = folder.assetcatalog; path = Assets.xcassets; sourceTree = "<group>"; };
		149817462BA587C5004C72F2 /* Base */ = {isa = PBXFileReference; lastKnownFileType = file.storyboard; name = Base; path = Base.lproj/LaunchScreen.storyboard; sourceTree = "<group>"; };
		149817482BA587C5004C72F2 /* Info.plist */ = {isa = PBXFileReference; lastKnownFileType = text.plist.xml; path = Info.plist; sourceTree = "<group>"; };
		1498174D2BA587C6004C72F2 /* 1st_homework_KimHyeongiTests.xctest */ = {isa = PBXFileReference; explicitFileType = wrapper.cfbundle; includeInIndex = 0; path = 1st_homework_KimHyeongiTests.xctest; sourceTree = BUILT_PRODUCTS_DIR; };
		149817512BA587C6004C72F2 /* _st_homework_KimHyeongiTests.swift */ = {isa = PBXFileReference; lastKnownFileType = sourcecode.swift; path = _st_homework_KimHyeongiTests.swift; sourceTree = "<group>"; };
		149817572BA587C6004C72F2 /* 1st_homework_KimHyeongiUITests.xctest */ = {isa = PBXFileReference; explicitFileType = wrapper.cfbundle; includeInIndex = 0; path = 1st_homework_KimHyeongiUITests.xctest; sourceTree = BUILT_PRODUCTS_DIR; };
		1498175B2BA587C6004C72F2 /* _st_homework_KimHyeongiUITests.swift */ = {isa = PBXFileReference; lastKnownFileType = sourcecode.swift; path = _st_homework_KimHyeongiUITests.swift; sourceTree = "<group>"; };
		1498175D2BA587C6004C72F2 /* _st_homework_KimHyeongiUITestsLaunchTests.swift */ = {isa = PBXFileReference; lastKnownFileType = sourcecode.swift; path = _st_homework_KimHyeongiUITestsLaunchTests.swift; sourceTree = "<group>"; };
/* End PBXFileReference section */

/* Begin PBXFrameworksBuildPhase section */
		149817342BA587C4004C72F2 /* Frameworks */ = {
			isa = PBXFrameworksBuildPhase;
			buildActionMask = 2147483647;
			files = (
			);
			runOnlyForDeploymentPostprocessing = 0;
		};
		1498174A2BA587C6004C72F2 /* Frameworks */ = {
			isa = PBXFrameworksBuildPhase;
			buildActionMask = 2147483647;
			files = (
			);
			runOnlyForDeploymentPostprocessing = 0;
		};
		149817542BA587C6004C72F2 /* Frameworks */ = {
			isa = PBXFrameworksBuildPhase;
			buildActionMask = 2147483647;
			files = (
			);
			runOnlyForDeploymentPostprocessing = 0;
		};
/* End PBXFrameworksBuildPhase section */

/* Begin PBXGroup section */
		1498172E2BA587C4004C72F2 = {
			isa = PBXGroup;
			children = (
				149817392BA587C4004C72F2 /* 1st_homework_KimHyeongi */,
				149817502BA587C6004C72F2 /* 1st_homework_KimHyeongiTests */,
				1498175A2BA587C6004C72F2 /* 1st_homework_KimHyeongiUITests */,
				149817382BA587C4004C72F2 /* Products */,
			);
			sourceTree = "<group>";
		};
		149817382BA587C4004C72F2 /* Products */ = {
			isa = PBXGroup;
			children = (
				149817372BA587C4004C72F2 /* 1st_homework_KimHyeongi.app */,
				1498174D2BA587C6004C72F2 /* 1st_homework_KimHyeongiTests.xctest */,
				149817572BA587C6004C72F2 /* 1st_homework_KimHyeongiUITests.xctest */,
			);
			name = Products;
			sourceTree = "<group>";
		};
		149817392BA587C4004C72F2 /* 1st_homework_KimHyeongi */ = {
			isa = PBXGroup;
			children = (
				1498173A2BA587C4004C72F2 /* AppDelegate.swift */,
				1498173C2BA587C4004C72F2 /* SceneDelegate.swift */,
				1436575A2BA8519300BE3237 /* ViewController.swift */,
				149817402BA587C4004C72F2 /* Main.storyboard */,
				149817432BA587C5004C72F2 /* Assets.xcassets */,
				149817452BA587C5004C72F2 /* LaunchScreen.storyboard */,
				149817482BA587C5004C72F2 /* Info.plist */,
			);
			path = 1st_homework_KimHyeongi;
			sourceTree = "<group>";
		};
		149817502BA587C6004C72F2 /* 1st_homework_KimHyeongiTests */ = {
			isa = PBXGroup;
			children = (
				149817512BA587C6004C72F2 /* _st_homework_KimHyeongiTests.swift */,
			);
			path = 1st_homework_KimHyeongiTests;
			sourceTree = "<group>";
		};
		1498175A2BA587C6004C72F2 /* 1st_homework_KimHyeongiUITests */ = {
			isa = PBXGroup;
			children = (
				1498175B2BA587C6004C72F2 /* _st_homework_KimHyeongiUITests.swift */,
				1498175D2BA587C6004C72F2 /* _st_homework_KimHyeongiUITestsLaunchTests.swift */,
			);
			path = 1st_homework_KimHyeongiUITests;
			sourceTree = "<group>";
		};
/* End PBXGroup section */

/* Begin PBXNativeTarget section */
		149817362BA587C4004C72F2 /* 1st_homework_KimHyeongi */ = {
			isa = PBXNativeTarget;
			buildConfigurationList = 149817612BA587C6004C72F2 /* Build configuration list for PBXNativeTarget "1st_homework_KimHyeongi" */;
			buildPhases = (
				149817332BA587C4004C72F2 /* Sources */,
				149817342BA587C4004C72F2 /* Frameworks */,
				149817352BA587C4004C72F2 /* Resources */,
			);
			buildRules = (
			);
			dependencies = (
			);
			name = 1st_homework_KimHyeongi;
			productName = 1st_homework_KimHyeongi;
			productReference = 149817372BA587C4004C72F2 /* 1st_homework_KimHyeongi.app */;
			productType = "com.apple.product-type.application";
		};
		1498174C2BA587C6004C72F2 /* 1st_homework_KimHyeongiTests */ = {
			isa = PBXNativeTarget;
			buildConfigurationList = 149817642BA587C6004C72F2 /* Build configuration list for PBXNativeTarget "1st_homework_KimHyeongiTests" */;
			buildPhases = (
				149817492BA587C6004C72F2 /* Sources */,
				1498174A2BA587C6004C72F2 /* Frameworks */,
				1498174B2BA587C6004C72F2 /* Resources */,
			);
			buildRules = (
			);
			dependencies = (
				1498174F2BA587C6004C72F2 /* PBXTargetDependency */,
			);
			name = 1st_homework_KimHyeongiTests;
			productName = 1st_homework_KimHyeongiTests;
			productReference = 1498174D2BA587C6004C72F2 /* 1st_homework_KimHyeongiTests.xctest */;
			productType = "com.apple.product-type.bundle.unit-test";
		};
		149817562BA587C6004C72F2 /* 1st_homework_KimHyeongiUITests */ = {
			isa = PBXNativeTarget;
			buildConfigurationList = 149817672BA587C6004C72F2 /* Build configuration list for PBXNativeTarget "1st_homework_KimHyeongiUITests" */;
			buildPhases = (
				149817532BA587C6004C72F2 /* Sources */,
				149817542BA587C6004C72F2 /* Frameworks */,
				149817552BA587C6004C72F2 /* Resources */,
			);
			buildRules = (
			);
			dependencies = (
				149817592BA587C6004C72F2 /* PBXTargetDependency */,
			);
			name = 1st_homework_KimHyeongiUITests;
			productName = 1st_homework_KimHyeongiUITests;
			productReference = 149817572BA587C6004C72F2 /* 1st_homework_KimHyeongiUITests.xctest */;
			productType = "com.apple.product-type.bundle.ui-testing";
		};
/* End PBXNativeTarget section */

/* Begin PBXProject section */
		1498172F2BA587C4004C72F2 /* Project object */ = {
			isa = PBXProject;
			attributes = {
				BuildIndependentTargetsInParallel = 1;
				LastSwiftUpdateCheck = 1520;
				LastUpgradeCheck = 1520;
				TargetAttributes = {
					149817362BA587C4004C72F2 = {
						CreatedOnToolsVersion = 15.2;
					};
					1498174C2BA587C6004C72F2 = {
						CreatedOnToolsVersion = 15.2;
						TestTargetID = 149817362BA587C4004C72F2;
					};
					149817562BA587C6004C72F2 = {
						CreatedOnToolsVersion = 15.2;
						TestTargetID = 149817362BA587C4004C72F2;
					};
				};
			};
			buildConfigurationList = 149817322BA587C4004C72F2 /* Build configuration list for PBXProject "1st_homework_KimHyeongi" */;
			compatibilityVersion = "Xcode 14.0";
			developmentRegion = en;
			hasScannedForEncodings = 0;
			knownRegions = (
				en,
				Base,
			);
			mainGroup = 1498172E2BA587C4004C72F2;
			productRefGroup = 149817382BA587C4004C72F2 /* Products */;
			projectDirPath = "";
			projectRoot = "";
			targets = (
				149817362BA587C4004C72F2 /* 1st_homework_KimHyeongi */,
				1498174C2BA587C6004C72F2 /* 1st_homework_KimHyeongiTests */,
				149817562BA587C6004C72F2 /* 1st_homework_KimHyeongiUITests */,
			);
		};
/* End PBXProject section */

/* Begin PBXResourcesBuildPhase section */
		149817352BA587C4004C72F2 /* Resources */ = {
			isa = PBXResourcesBuildPhase;
			buildActionMask = 2147483647;
			files = (
				149817472BA587C5004C72F2 /* LaunchScreen.storyboard in Resources */,
				149817442BA587C5004C72F2 /* Assets.xcassets in Resources */,
				149817422BA587C4004C72F2 /* Main.storyboard in Resources */,
			);
			runOnlyForDeploymentPostprocessing = 0;
		};
		1498174B2BA587C6004C72F2 /* Resources */ = {
			isa = PBXResourcesBuildPhase;
			buildActionMask = 2147483647;
			files = (
			);
			runOnlyForDeploymentPostprocessing = 0;
		};
		149817552BA587C6004C72F2 /* Resources */ = {
			isa = PBXResourcesBuildPhase;
			buildActionMask = 2147483647;
			files = (
			);
			runOnlyForDeploymentPostprocessing = 0;
		};
/* End PBXResourcesBuildPhase section */

/* Begin PBXSourcesBuildPhase section */
		149817332BA587C4004C72F2 /* Sources */ = {
			isa = PBXSourcesBuildPhase;
			buildActionMask = 2147483647;
			files = (
				1436575B2BA8519300BE3237 /* ViewController.swift in Sources */,
				1498173B2BA587C4004C72F2 /* AppDelegate.swift in Sources */,
				1498173D2BA587C4004C72F2 /* SceneDelegate.swift in Sources */,
			);
			runOnlyForDeploymentPostprocessing = 0;
		};
		149817492BA587C6004C72F2 /* Sources */ = {
			isa = PBXSourcesBuildPhase;
			buildActionMask = 2147483647;
			files = (
				149817522BA587C6004C72F2 /* _st_homework_KimHyeongiTests.swift in Sources */,
			);
			runOnlyForDeploymentPostprocessing = 0;
		};
		149817532BA587C6004C72F2 /* Sources */ = {
			isa = PBXSourcesBuildPhase;
			buildActionMask = 2147483647;
			files = (
				1498175C2BA587C6004C72F2 /* _st_homework_KimHyeongiUITests.swift in Sources */,
				1498175E2BA587C6004C72F2 /* _st_homework_KimHyeongiUITestsLaunchTests.swift in Sources */,
			);
			runOnlyForDeploymentPostprocessing = 0;
		};
/* End PBXSourcesBuildPhase section */

/* Begin PBXTargetDependency section */
		1498174F2BA587C6004C72F2 /* PBXTargetDependency */ = {
			isa = PBXTargetDependency;
			target = 149817362BA587C4004C72F2 /* 1st_homework_KimHyeongi */;
			targetProxy = 1498174E2BA587C6004C72F2 /* PBXContainerItemProxy */;
		};
		149817592BA587C6004C72F2 /* PBXTargetDependency */ = {
			isa = PBXTargetDependency;
			target = 149817362BA587C4004C72F2 /* 1st_homework_KimHyeongi */;
			targetProxy = 149817582BA587C6004C72F2 /* PBXContainerItemProxy */;
		};
/* End PBXTargetDependency section */

/* Begin PBXVariantGroup section */
		149817402BA587C4004C72F2 /* Main.storyboard */ = {
			isa = PBXVariantGroup;
			children = (
				149817412BA587C4004C72F2 /* Base */,
			);
			name = Main.storyboard;
			sourceTree = "<group>";
		};
		149817452BA587C5004C72F2 /* LaunchScreen.storyboard */ = {
			isa = PBXVariantGroup;
			children = (
				149817462BA587C5004C72F2 /* Base */,
			);
			name = LaunchScreen.storyboard;
			sourceTree = "<group>";
		};
/* End PBXVariantGroup section */

/* Begin XCBuildConfiguration section */
		1498175F2BA587C6004C72F2 /* Debug */ = {
			isa = XCBuildConfiguration;
			buildSettings = {
				ALWAYS_SEARCH_USER_PATHS = NO;
				ASSETCATALOG_COMPILER_GENERATE_SWIFT_ASSET_SYMBOL_EXTENSIONS = YES;
				CLANG_ANALYZER_NONNULL = YES;
				CLANG_ANALYZER_NUMBER_OBJECT_CONVERSION = YES_AGGRESSIVE;
				CLANG_CXX_LANGUAGE_STANDARD = "gnu++20";
				CLANG_ENABLE_MODULES = YES;
				CLANG_ENABLE_OBJC_ARC = YES;
				CLANG_ENABLE_OBJC_WEAK = YES;
				CLANG_WARN_BLOCK_CAPTURE_AUTORELEASING = YES;
				CLANG_WARN_BOOL_CONVERSION = YES;
				CLANG_WARN_COMMA = YES;
				CLANG_WARN_CONSTANT_CONVERSION = YES;
				CLANG_WARN_DEPRECATED_OBJC_IMPLEMENTATIONS = YES;
				CLANG_WARN_DIRECT_OBJC_ISA_USAGE = YES_ERROR;
				CLANG_WARN_DOCUMENTATION_COMMENTS = YES;
				CLANG_WARN_EMPTY_BODY = YES;
				CLANG_WARN_ENUM_CONVERSION = YES;
				CLANG_WARN_INFINITE_RECURSION = YES;
				CLANG_WARN_INT_CONVERSION = YES;
				CLANG_WARN_NON_LITERAL_NULL_CONVERSION = YES;
				CLANG_WARN_OBJC_IMPLICIT_RETAIN_SELF = YES;
				CLANG_WARN_OBJC_LITERAL_CONVERSION = YES;
				CLANG_WARN_OBJC_ROOT_CLASS = YES_ERROR;
				CLANG_WARN_QUOTED_INCLUDE_IN_FRAMEWORK_HEADER = YES;
				CLANG_WARN_RANGE_LOOP_ANALYSIS = YES;
				CLANG_WARN_STRICT_PROTOTYPES = YES;
				CLANG_WARN_SUSPICIOUS_MOVE = YES;
				CLANG_WARN_UNGUARDED_AVAILABILITY = YES_AGGRESSIVE;
				CLANG_WARN_UNREACHABLE_CODE = YES;
				CLANG_WARN__DUPLICATE_METHOD_MATCH = YES;
				COPY_PHASE_STRIP = NO;
				DEBUG_INFORMATION_FORMAT = dwarf;
				ENABLE_STRICT_OBJC_MSGSEND = YES;
				ENABLE_TESTABILITY = YES;
				ENABLE_USER_SCRIPT_SANDBOXING = YES;
				GCC_C_LANGUAGE_STANDARD = gnu17;
				GCC_DYNAMIC_NO_PIC = NO;
				GCC_NO_COMMON_BLOCKS = YES;
				GCC_OPTIMIZATION_LEVEL = 0;
				GCC_PREPROCESSOR_DEFINITIONS = (
					"DEBUG=1",
					"$(inherited)",
				);
				GCC_WARN_64_TO_32_BIT_CONVERSION = YES;
				GCC_WARN_ABOUT_RETURN_TYPE = YES_ERROR;
				GCC_WARN_UNDECLARED_SELECTOR = YES;
				GCC_WARN_UNINITIALIZED_AUTOS = YES_AGGRESSIVE;
				GCC_WARN_UNUSED_FUNCTION = YES;
				GCC_WARN_UNUSED_VARIABLE = YES;
				IPHONEOS_DEPLOYMENT_TARGET = 17.2;
				LOCALIZATION_PREFERS_STRING_CATALOGS = YES;
				MTL_ENABLE_DEBUG_INFO = INCLUDE_SOURCE;
				MTL_FAST_MATH = YES;
				ONLY_ACTIVE_ARCH = YES;
				SDKROOT = iphoneos;
				SWIFT_ACTIVE_COMPILATION_CONDITIONS = "DEBUG $(inherited)";
				SWIFT_OPTIMIZATION_LEVEL = "-Onone";
			};
			name = Debug;
		};
		149817602BA587C6004C72F2 /* Release */ = {
			isa = XCBuildConfiguration;
			buildSettings = {
				ALWAYS_SEARCH_USER_PATHS = NO;
				ASSETCATALOG_COMPILER_GENERATE_SWIFT_ASSET_SYMBOL_EXTENSIONS = YES;
				CLANG_ANALYZER_NONNULL = YES;
				CLANG_ANALYZER_NUMBER_OBJECT_CONVERSION = YES_AGGRESSIVE;
				CLANG_CXX_LANGUAGE_STANDARD = "gnu++20";
				CLANG_ENABLE_MODULES = YES;
				CLANG_ENABLE_OBJC_ARC = YES;
				CLANG_ENABLE_OBJC_WEAK = YES;
				CLANG_WARN_BLOCK_CAPTURE_AUTORELEASING = YES;
				CLANG_WARN_BOOL_CONVERSION = YES;
				CLANG_WARN_COMMA = YES;
				CLANG_WARN_CONSTANT_CONVERSION = YES;
				CLANG_WARN_DEPRECATED_OBJC_IMPLEMENTATIONS = YES;
				CLANG_WARN_DIRECT_OBJC_ISA_USAGE = YES_ERROR;
				CLANG_WARN_DOCUMENTATION_COMMENTS = YES;
				CLANG_WARN_EMPTY_BODY = YES;
				CLANG_WARN_ENUM_CONVERSION = YES;
				CLANG_WARN_INFINITE_RECURSION = YES;
				CLANG_WARN_INT_CONVERSION = YES;
				CLANG_WARN_NON_LITERAL_NULL_CONVERSION = YES;
				CLANG_WARN_OBJC_IMPLICIT_RETAIN_SELF = YES;
				CLANG_WARN_OBJC_LITERAL_CONVERSION = YES;
				CLANG_WARN_OBJC_ROOT_CLASS = YES_ERROR;
				CLANG_WARN_QUOTED_INCLUDE_IN_FRAMEWORK_HEADER = YES;
				CLANG_WARN_RANGE_LOOP_ANALYSIS = YES;
				CLANG_WARN_STRICT_PROTOTYPES = YES;
				CLANG_WARN_SUSPICIOUS_MOVE = YES;
				CLANG_WARN_UNGUARDED_AVAILABILITY = YES_AGGRESSIVE;
				CLANG_WARN_UNREACHABLE_CODE = YES;
				CLANG_WARN__DUPLICATE_METHOD_MATCH = YES;
				COPY_PHASE_STRIP = NO;
				DEBUG_INFORMATION_FORMAT = "dwarf-with-dsym";
				ENABLE_NS_ASSERTIONS = NO;
				ENABLE_STRICT_OBJC_MSGSEND = YES;
				ENABLE_USER_SCRIPT_SANDBOXING = YES;
				GCC_C_LANGUAGE_STANDARD = gnu17;
				GCC_NO_COMMON_BLOCKS = YES;
				GCC_WARN_64_TO_32_BIT_CONVERSION = YES;
				GCC_WARN_ABOUT_RETURN_TYPE = YES_ERROR;
				GCC_WARN_UNDECLARED_SELECTOR = YES;
				GCC_WARN_UNINITIALIZED_AUTOS = YES_AGGRESSIVE;
				GCC_WARN_UNUSED_FUNCTION = YES;
				GCC_WARN_UNUSED_VARIABLE = YES;
				IPHONEOS_DEPLOYMENT_TARGET = 17.2;
				LOCALIZATION_PREFERS_STRING_CATALOGS = YES;
				MTL_ENABLE_DEBUG_INFO = NO;
				MTL_FAST_MATH = YES;
				SDKROOT = iphoneos;
				SWIFT_COMPILATION_MODE = wholemodule;
				VALIDATE_PRODUCT = YES;
			};
			name = Release;
		};
		149817622BA587C6004C72F2 /* Debug */ = {
			isa = XCBuildConfiguration;
			buildSettings = {
				ASSETCATALOG_COMPILER_APPICON_NAME = AppIcon;
				ASSETCATALOG_COMPILER_GLOBAL_ACCENT_COLOR_NAME = AccentColor;
				CODE_SIGN_STYLE = Automatic;
				CURRENT_PROJECT_VERSION = 1;
				DEVELOPMENT_TEAM = 4FCV7BL65G;
				GENERATE_INFOPLIST_FILE = YES;
				INFOPLIST_FILE = 1st_homework_KimHyeongi/Info.plist;
				INFOPLIST_KEY_UIApplicationSupportsIndirectInputEvents = YES;
				INFOPLIST_KEY_UILaunchStoryboardName = LaunchScreen;
				INFOPLIST_KEY_UIMainStoryboardFile = Main;
				INFOPLIST_KEY_UISupportedInterfaceOrientations_iPad = "UIInterfaceOrientationPortrait UIInterfaceOrientationPortraitUpsideDown UIInterfaceOrientationLandscapeLeft UIInterfaceOrientationLandscapeRight";
				INFOPLIST_KEY_UISupportedInterfaceOrientations_iPhone = "UIInterfaceOrientationPortrait UIInterfaceOrientationLandscapeLeft UIInterfaceOrientationLandscapeRight";
				LD_RUNPATH_SEARCH_PATHS = (
					"$(inherited)",
					"@executable_path/Frameworks",
				);
				MARKETING_VERSION = 1.0;
				PRODUCT_BUNDLE_IDENTIFIER = "hgkim.practice.-st-homework-KimHyeongi";
				PRODUCT_NAME = "$(TARGET_NAME)";
				SWIFT_EMIT_LOC_STRINGS = YES;
				SWIFT_VERSION = 5.0;
				TARGETED_DEVICE_FAMILY = "1,2";
			};
			name = Debug;
		};
		149817632BA587C6004C72F2 /* Release */ = {
			isa = XCBuildConfiguration;
			buildSettings = {
				ASSETCATALOG_COMPILER_APPICON_NAME = AppIcon;
				ASSETCATALOG_COMPILER_GLOBAL_ACCENT_COLOR_NAME = AccentColor;
				CODE_SIGN_STYLE = Automatic;
				CURRENT_PROJECT_VERSION = 1;
				DEVELOPMENT_TEAM = 4FCV7BL65G;
				GENERATE_INFOPLIST_FILE = YES;
				INFOPLIST_FILE = 1st_homework_KimHyeongi/Info.plist;
				INFOPLIST_KEY_UIApplicationSupportsIndirectInputEvents = YES;
				INFOPLIST_KEY_UILaunchStoryboardName = LaunchScreen;
				INFOPLIST_KEY_UIMainStoryboardFile = Main;
				INFOPLIST_KEY_UISupportedInterfaceOrientations_iPad = "UIInterfaceOrientationPortrait UIInterfaceOrientationPortraitUpsideDown UIInterfaceOrientationLandscapeLeft UIInterfaceOrientationLandscapeRight";
				INFOPLIST_KEY_UISupportedInterfaceOrientations_iPhone = "UIInterfaceOrientationPortrait UIInterfaceOrientationLandscapeLeft UIInterfaceOrientationLandscapeRight";
				LD_RUNPATH_SEARCH_PATHS = (
					"$(inherited)",
					"@executable_path/Frameworks",
				);
				MARKETING_VERSION = 1.0;
				PRODUCT_BUNDLE_IDENTIFIER = "hgkim.practice.-st-homework-KimHyeongi";
				PRODUCT_NAME = "$(TARGET_NAME)";
				SWIFT_EMIT_LOC_STRINGS = YES;
				SWIFT_VERSION = 5.0;
				TARGETED_DEVICE_FAMILY = "1,2";
			};
			name = Release;
		};
		149817652BA587C6004C72F2 /* Debug */ = {
			isa = XCBuildConfiguration;
			buildSettings = {
				ALWAYS_EMBED_SWIFT_STANDARD_LIBRARIES = YES;
				BUNDLE_LOADER = "$(TEST_HOST)";
				CODE_SIGN_STYLE = Automatic;
				CURRENT_PROJECT_VERSION = 1;
				DEVELOPMENT_TEAM = 4FCV7BL65G;
				GENERATE_INFOPLIST_FILE = YES;
				IPHONEOS_DEPLOYMENT_TARGET = 17.2;
				MARKETING_VERSION = 1.0;
				PRODUCT_BUNDLE_IDENTIFIER = "hgkim.practice.-st-homework-KimHyeongiTests";
				PRODUCT_NAME = "$(TARGET_NAME)";
				SWIFT_EMIT_LOC_STRINGS = NO;
				SWIFT_VERSION = 5.0;
				TARGETED_DEVICE_FAMILY = "1,2";
				TEST_HOST = "$(BUILT_PRODUCTS_DIR)/1st_homework_KimHyeongi.app/$(BUNDLE_EXECUTABLE_FOLDER_PATH)/1st_homework_KimHyeongi";
			};
			name = Debug;
		};
		149817662BA587C6004C72F2 /* Release */ = {
			isa = XCBuildConfiguration;
			buildSettings = {
				ALWAYS_EMBED_SWIFT_STANDARD_LIBRARIES = YES;
				BUNDLE_LOADER = "$(TEST_HOST)";
				CODE_SIGN_STYLE = Automatic;
				CURRENT_PROJECT_VERSION = 1;
				DEVELOPMENT_TEAM = 4FCV7BL65G;
				GENERATE_INFOPLIST_FILE = YES;
				IPHONEOS_DEPLOYMENT_TARGET = 17.2;
				MARKETING_VERSION = 1.0;
				PRODUCT_BUNDLE_IDENTIFIER = "hgkim.practice.-st-homework-KimHyeongiTests";
				PRODUCT_NAME = "$(TARGET_NAME)";
				SWIFT_EMIT_LOC_STRINGS = NO;
				SWIFT_VERSION = 5.0;
				TARGETED_DEVICE_FAMILY = "1,2";
				TEST_HOST = "$(BUILT_PRODUCTS_DIR)/1st_homework_KimHyeongi.app/$(BUNDLE_EXECUTABLE_FOLDER_PATH)/1st_homework_KimHyeongi";
			};
			name = Release;
		};
		149817682BA587C6004C72F2 /* Debug */ = {
			isa = XCBuildConfiguration;
			buildSettings = {
				ALWAYS_EMBED_SWIFT_STANDARD_LIBRARIES = YES;
				CODE_SIGN_STYLE = Automatic;
				CURRENT_PROJECT_VERSION = 1;
				DEVELOPMENT_TEAM = 4FCV7BL65G;
				GENERATE_INFOPLIST_FILE = YES;
				MARKETING_VERSION = 1.0;
				PRODUCT_BUNDLE_IDENTIFIER = "hgkim.practice.-st-homework-KimHyeongiUITests";
				PRODUCT_NAME = "$(TARGET_NAME)";
				SWIFT_EMIT_LOC_STRINGS = NO;
				SWIFT_VERSION = 5.0;
				TARGETED_DEVICE_FAMILY = "1,2";
				TEST_TARGET_NAME = 1st_homework_KimHyeongi;
			};
			name = Debug;
		};
		149817692BA587C6004C72F2 /* Release */ = {
			isa = XCBuildConfiguration;
			buildSettings = {
				ALWAYS_EMBED_SWIFT_STANDARD_LIBRARIES = YES;
				CODE_SIGN_STYLE = Automatic;
				CURRENT_PROJECT_VERSION = 1;
				DEVELOPMENT_TEAM = 4FCV7BL65G;
				GENERATE_INFOPLIST_FILE = YES;
				MARKETING_VERSION = 1.0;
				PRODUCT_BUNDLE_IDENTIFIER = "hgkim.practice.-st-homework-KimHyeongiUITests";
				PRODUCT_NAME = "$(TARGET_NAME)";
				SWIFT_EMIT_LOC_STRINGS = NO;
				SWIFT_VERSION = 5.0;
				TARGETED_DEVICE_FAMILY = "1,2";
				TEST_TARGET_NAME = 1st_homework_KimHyeongi;
			};
			name = Release;
		};
/* End XCBuildConfiguration section */

/* Begin XCConfigurationList section */
		149817322BA587C4004C72F2 /* Build configuration list for PBXProject "1st_homework_KimHyeongi" */ = {
			isa = XCConfigurationList;
			buildConfigurations = (
				1498175F2BA587C6004C72F2 /* Debug */,
				149817602BA587C6004C72F2 /* Release */,
			);
			defaultConfigurationIsVisible = 0;
			defaultConfigurationName = Release;
		};
		149817612BA587C6004C72F2 /* Build configuration list for PBXNativeTarget "1st_homework_KimHyeongi" */ = {
			isa = XCConfigurationList;
			buildConfigurations = (
				149817622BA587C6004C72F2 /* Debug */,
				149817632BA587C6004C72F2 /* Release */,
			);
			defaultConfigurationIsVisible = 0;
			defaultConfigurationName = Release;
		};
		149817642BA587C6004C72F2 /* Build configuration list for PBXNativeTarget "1st_homework_KimHyeongiTests" */ = {
			isa = XCConfigurationList;
			buildConfigurations = (
				149817652BA587C6004C72F2 /* Debug */,
				149817662BA587C6004C72F2 /* Release */,
			);
			defaultConfigurationIsVisible = 0;
			defaultConfigurationName = Release;
		};
		149817672BA587C6004C72F2 /* Build configuration list for PBXNativeTarget "1st_homework_KimHyeongiUITests" */ = {
			isa = XCConfigurationList;
			buildConfigurations = (
				149817682BA587C6004C72F2 /* Debug */,
				149817692BA587C6004C72F2 /* Release */,
			);
			defaultConfigurationIsVisible = 0;
			defaultConfigurationName = Release;
		};
/* End XCConfigurationList section */
	};
	rootObject = 1498172F2BA587C4004C72F2 /* Project object */;
}
